
Microsoft Visual Studio Solution File, Format Version 12.00
# Visual Studio Version 16
VisualStudioVersion = 16.0.30011.22
MinimumVisualStudioVersion = 10.0.40219.1
Project("{FAE04EC0-301F-11D3-BF4B-00C04F79EFBC}") = "TestRig", "TestRig\TestRig.csproj", "{3814BEDB-5036-4CAE-9026-80CE7DAB3DBA}"
EndProject
Project("{FAE04EC0-301F-11D3-BF4B-00C04F79EFBC}") = "TestRigApi", "TestRigApi\TestRigApi.csproj", "{883F54D8-75D6-4BCA-BFBA-042CE101E33A}"
EndProject
Project("{E53339B2-1760-4266-BCC7-CA923CBCF16C}") = "docker-compose", "docker-compose.dcproj", "{A9FF79E7-5E5F-4112-8202-16A60325CAAA}"
EndProject
Global
	GlobalSection(SolutionConfigurationPlatforms) = preSolution
		Debug|Any CPU = Debug|Any CPU
		Release|Any CPU = Release|Any CPU
	EndGlobalSection
	GlobalSection(ProjectConfigurationPlatforms) = postSolution
		{3814BEDB-5036-4CAE-9026-80CE7DAB3DBA}.Debug|Any CPU.ActiveCfg = Debug|Any CPU
		{3814BEDB-5036-4CAE-9026-80CE7DAB3DBA}.Debug|Any CPU.Build.0 = Debug|Any CPU
		{3814BEDB-5036-4CAE-9026-80CE7DAB3DBA}.Release|Any CPU.ActiveCfg = Release|Any CPU
		{3814BEDB-5036-4CAE-9026-80CE7DAB3DBA}.Release|Any CPU.Build.0 = Release|Any CPU
		{883F54D8-75D6-4BCA-BFBA-042CE101E33A}.Debug|Any CPU.ActiveCfg = Debug|Any CPU
		{883F54D8-75D6-4BCA-BFBA-042CE101E33A}.Debug|Any CPU.Build.0 = Debug|Any CPU
		{883F54D8-75D6-4BCA-BFBA-042CE101E33A}.Release|Any CPU.ActiveCfg = Release|Any CPU
		{883F54D8-75D6-4BCA-BFBA-042CE101E33A}.Release|Any CPU.Build.0 = Release|Any CPU
		{A9FF79E7-5E5F-4112-8202-16A60325CAAA}.Debug|Any CPU.ActiveCfg = Debug|Any CPU
		{A9FF79E7-5E5F-4112-8202-16A60325CAAA}.Debug|Any CPU.Build.0 = Debug|Any CPU
		{A9FF79E7-5E5F-4112-8202-16A60325CAAA}.Release|Any CPU.ActiveCfg = Release|Any CPU
		{A9FF79E7-5E5F-4112-8202-16A60325CAAA}.Release|Any CPU.Build.0 = Release|Any CPU
	EndGlobalSection
	GlobalSection(SolutionProperties) = preSolution
		HideSolutionNode = FALSE
	EndGlobalSection
	GlobalSection(ExtensibilityGlobals) = postSolution
		SolutionGuid = {DEC6CBBD-4AB2-46BA-B0DC-DE833E7F8D34}
	EndGlobalSection
EndGlobal
